
Microsoft Visual Studio Solution File, Format Version 11.00
# Visual Studio 2010
Project("{FAE04EC0-301F-11D3-BF4B-00C04F79EFBC}") = "QReal", "QReal\QReal.csproj", "{899199E0-95CD-40AC-A5CC-79BAB6F1980E}"
	ProjectSection(ProjectDependencies) = postProject
		{397BE4C2-011A-4843-88CE-F83B35981187} = {397BE4C2-011A-4843-88CE-F83B35981187}
	EndProjectSection
EndProject
Project("{FAE04EC0-301F-11D3-BF4B-00C04F79EFBC}") = "QReal.Web", "QReal.Web\QReal.Web.csproj", "{397BE4C2-011A-4843-88CE-F83B35981187}"
EndProject
Project("{2150E333-8FDC-42A3-9474-1A3956D46DE8}") = "Diagrams", "Diagrams", "{1DE5899C-B8BF-4048-8910-E749801B9610}"
EndProject
Project("{FAE04EC0-301F-11D3-BF4B-00C04F79EFBC}") = "ObjectTypes", "ObjectTypes\ObjectTypes.csproj", "{B4B82D97-9328-48C8-8202-DAA0BA72D12A}"
	ProjectSection(ProjectDependencies) = postProject
		{397BE4C2-011A-4843-88CE-F83B35981187} = {397BE4C2-011A-4843-88CE-F83B35981187}
	EndProjectSection
EndProject
Project("{FAE04EC0-301F-11D3-BF4B-00C04F79EFBC}") = "KernelDiagram", "KernelDiagram\KernelDiagram.csproj", "{5A364621-8AB5-427E-9482-B2C1ACF03B91}"
EndProject
Project("{FAE04EC0-301F-11D3-BF4B-00C04F79EFBC}") = "QReal.Ria", "QReal.Ria\QReal.Ria.csproj", "{96028304-20A9-4573-A0DA-6C810348BBCE}"
	ProjectSection(ProjectDependencies) = postProject
		{397BE4C2-011A-4843-88CE-F83B35981187} = {397BE4C2-011A-4843-88CE-F83B35981187}
	EndProjectSection
EndProject
Project("{FAE04EC0-301F-11D3-BF4B-00C04F79EFBC}") = "ClassDiagram", "ClassDiagram\ClassDiagram.csproj", "{8989E615-A0E5-499A-954B-A4531AD41D92}"
EndProject
Global
	GlobalSection(SolutionConfigurationPlatforms) = preSolution
		Debug|Any CPU = Debug|Any CPU
		Release|Any CPU = Release|Any CPU
	EndGlobalSection
	GlobalSection(ProjectConfigurationPlatforms) = postSolution
		{899199E0-95CD-40AC-A5CC-79BAB6F1980E}.Debug|Any CPU.ActiveCfg = Debug|Any CPU
		{899199E0-95CD-40AC-A5CC-79BAB6F1980E}.Debug|Any CPU.Build.0 = Debug|Any CPU
		{899199E0-95CD-40AC-A5CC-79BAB6F1980E}.Release|Any CPU.ActiveCfg = Release|Any CPU
		{899199E0-95CD-40AC-A5CC-79BAB6F1980E}.Release|Any CPU.Build.0 = Release|Any CPU
		{397BE4C2-011A-4843-88CE-F83B35981187}.Debug|Any CPU.ActiveCfg = Debug|Any CPU
		{397BE4C2-011A-4843-88CE-F83B35981187}.Debug|Any CPU.Build.0 = Debug|Any CPU
		{397BE4C2-011A-4843-88CE-F83B35981187}.Release|Any CPU.ActiveCfg = Release|Any CPU
		{397BE4C2-011A-4843-88CE-F83B35981187}.Release|Any CPU.Build.0 = Release|Any CPU
		{B4B82D97-9328-48C8-8202-DAA0BA72D12A}.Debug|Any CPU.ActiveCfg = Debug|Any CPU
		{B4B82D97-9328-48C8-8202-DAA0BA72D12A}.Debug|Any CPU.Build.0 = Debug|Any CPU
		{B4B82D97-9328-48C8-8202-DAA0BA72D12A}.Release|Any CPU.ActiveCfg = Release|Any CPU
		{B4B82D97-9328-48C8-8202-DAA0BA72D12A}.Release|Any CPU.Build.0 = Release|Any CPU
		{5A364621-8AB5-427E-9482-B2C1ACF03B91}.Debug|Any CPU.ActiveCfg = Debug|Any CPU
		{5A364621-8AB5-427E-9482-B2C1ACF03B91}.Debug|Any CPU.Build.0 = Debug|Any CPU
		{5A364621-8AB5-427E-9482-B2C1ACF03B91}.Release|Any CPU.ActiveCfg = Release|Any CPU
		{5A364621-8AB5-427E-9482-B2C1ACF03B91}.Release|Any CPU.Build.0 = Release|Any CPU
		{96028304-20A9-4573-A0DA-6C810348BBCE}.Debug|Any CPU.ActiveCfg = Debug|Any CPU
		{96028304-20A9-4573-A0DA-6C810348BBCE}.Debug|Any CPU.Build.0 = Debug|Any CPU
		{96028304-20A9-4573-A0DA-6C810348BBCE}.Release|Any CPU.ActiveCfg = Release|Any CPU
		{96028304-20A9-4573-A0DA-6C810348BBCE}.Release|Any CPU.Build.0 = Release|Any CPU
		{8989E615-A0E5-499A-954B-A4531AD41D92}.Debug|Any CPU.ActiveCfg = Debug|Any CPU
		{8989E615-A0E5-499A-954B-A4531AD41D92}.Debug|Any CPU.Build.0 = Debug|Any CPU
		{8989E615-A0E5-499A-954B-A4531AD41D92}.Release|Any CPU.ActiveCfg = Release|Any CPU
		{8989E615-A0E5-499A-954B-A4531AD41D92}.Release|Any CPU.Build.0 = Release|Any CPU
	EndGlobalSection
	GlobalSection(SolutionProperties) = preSolution
		HideSolutionNode = FALSE
	EndGlobalSection
	GlobalSection(NestedProjects) = preSolution
		{5A364621-8AB5-427E-9482-B2C1ACF03B91} = {1DE5899C-B8BF-4048-8910-E749801B9610}
		{8989E615-A0E5-499A-954B-A4531AD41D92} = {1DE5899C-B8BF-4048-8910-E749801B9610}
	EndGlobalSection
EndGlobal
